{
  "name": "joysystem",
  "version": "0.1.0",
  "lockfileVersion": 1,
  "requires": true,
  "dependencies": {
    "emotion-reset": {
      "version": "2.0.7",
      "resolved": "https://registry.npmjs.org/emotion-reset/-/emotion-reset-2.0.7.tgz",
      "integrity": "sha512-NW+m3YxERf0LNRTTxFqjlBUqfxQs3fd8fHfsUUd6UmxyppLHhSHaT2mzJhjH0jnGwRZCoNYi9XpQhkdZOnCkmA=="
    }
  }
}
